// !$*UTF8*$!
{
	archiveVersion = 1;
	classes = {
	};
	objectVersion = 46;
	objects = {

/* Begin PBXBuildFile section */
		1D3623260D0F684500981E51 /* rendezvousAppDelegate.m in Sources */ = {isa = PBXBuildFile; fileRef = 1D3623250D0F684500981E51 /* rendezvousAppDelegate.m */; };
		1D60589B0D05DD56006BFB54 /* main.m in Sources */ = {isa = PBXBuildFile; fileRef = 29B97316FDCFA39411CA2CEA /* main.m */; };
		1D60589F0D05DD5A006BFB54 /* Foundation.framework in Frameworks */ = {isa = PBXBuildFile; fileRef = 1D30AB110D05D00D00671497 /* Foundation.framework */; };
		1DF5F4E00D08C38300B7A737 /* UIKit.framework in Frameworks */ = {isa = PBXBuildFile; fileRef = 1DF5F4DF0D08C38300B7A737 /* UIKit.framework */; };
		28193060112F816700ECF9B4 /* rendezvous.xcdatamodeld in Sources */ = {isa = PBXBuildFile; fileRef = 2819305F112F816700ECF9B4 /* rendezvous.xcdatamodeld */; };
		288765A50DF7441C002DB57D /* CoreGraphics.framework in Frameworks */ = {isa = PBXBuildFile; fileRef = 288765A40DF7441C002DB57D /* CoreGraphics.framework */; };
		28AD733F0D9D9553002E5188 /* MainWindow.xib in Resources */ = {isa = PBXBuildFile; fileRef = 28AD733E0D9D9553002E5188 /* MainWindow.xib */; };
		28D801B40F44B63D00FB423F /* CoreData.framework in Frameworks */ = {isa = PBXBuildFile; fileRef = 28D801B30F44B63D00FB423F /* CoreData.framework */; };
		6077B6151359B5C0006C58C0 /* HomeViewController.m in Sources */ = {isa = PBXBuildFile; fileRef = 6077B6131359B5C0006C58C0 /* HomeViewController.m */; };
		6077B6161359B5C0006C58C0 /* HomeViewController.xib in Resources */ = {isa = PBXBuildFile; fileRef = 6077B6141359B5C0006C58C0 /* HomeViewController.xib */; };
		6077B61E1359B70A006C58C0 /* 83-calendar.png in Resources */ = {isa = PBXBuildFile; fileRef = 6077B61D1359B70A006C58C0 /* 83-calendar.png */; };
		6077B6201359B745006C58C0 /* 112-group.png in Resources */ = {isa = PBXBuildFile; fileRef = 6077B61F1359B745006C58C0 /* 112-group.png */; };
		6077B6221359B78C006C58C0 /* 134-viking.png in Resources */ = {isa = PBXBuildFile; fileRef = 6077B6211359B78C006C58C0 /* 134-viking.png */; };
		6077B6241359B7C9006C58C0 /* 103-map.png in Resources */ = {isa = PBXBuildFile; fileRef = 6077B6231359B7C9006C58C0 /* 103-map.png */; };
		6077B6261359B7DB006C58C0 /* 171-sun.png in Resources */ = {isa = PBXBuildFile; fileRef = 6077B6251359B7DB006C58C0 /* 171-sun.png */; };
		6077B6281359BB9B006C58C0 /* 189-plant.png in Resources */ = {isa = PBXBuildFile; fileRef = 6077B6271359BB9B006C58C0 /* 189-plant.png */; };
		6077B62A1359C312006C58C0 /* 108-badge.png in Resources */ = {isa = PBXBuildFile; fileRef = 6077B6291359C312006C58C0 /* 108-badge.png */; };
		6077B6341359CFF4006C58C0 /* ScheduleViewController.m in Sources */ = {isa = PBXBuildFile; fileRef = 6077B6321359CFF4006C58C0 /* ScheduleViewController.m */; };
		6077B6351359CFF4006C58C0 /* ScheduleViewController.xib in Resources */ = {isa = PBXBuildFile; fileRef = 6077B6331359CFF4006C58C0 /* ScheduleViewController.xib */; };
		6077B65D1359D458006C58C0 /* SupportViewController.m in Sources */ = {isa = PBXBuildFile; fileRef = 6077B65B1359D458006C58C0 /* SupportViewController.m */; };
		6077B65E1359D458006C58C0 /* SupportViewController.xib in Resources */ = {isa = PBXBuildFile; fileRef = 6077B65C1359D458006C58C0 /* SupportViewController.xib */; };
		6077B6751359D8CB006C58C0 /* SponsorViewController.m in Sources */ = {isa = PBXBuildFile; fileRef = 6077B6731359D8CB006C58C0 /* SponsorViewController.m */; };
		6077B6761359D8CB006C58C0 /* SponsorViewController.xib in Resources */ = {isa = PBXBuildFile; fileRef = 6077B6741359D8CB006C58C0 /* SponsorViewController.xib */; };
		6077B67F1359D9A9006C58C0 /* RegistrationViewController.m in Sources */ = {isa = PBXBuildFile; fileRef = 6077B67D1359D9A9006C58C0 /* RegistrationViewController.m */; };
		6077B6801359D9A9006C58C0 /* RegistrationViewController.xib in Resources */ = {isa = PBXBuildFile; fileRef = 6077B67E1359D9A9006C58C0 /* RegistrationViewController.xib */; };
		6077B6861359D9B3006C58C0 /* MapViewController.m in Sources */ = {isa = PBXBuildFile; fileRef = 6077B6841359D9B3006C58C0 /* MapViewController.m */; };
		6077B6871359D9B3006C58C0 /* MapViewController.xib in Resources */ = {isa = PBXBuildFile; fileRef = 6077B6851359D9B3006C58C0 /* MapViewController.xib */; };
		6077B68D1359D9BD006C58C0 /* WeatherViewController.m in Sources */ = {isa = PBXBuildFile; fileRef = 6077B68B1359D9BD006C58C0 /* WeatherViewController.m */; };
		6077B68E1359D9BD006C58C0 /* WeatherViewController.xib in Resources */ = {isa = PBXBuildFile; fileRef = 6077B68C1359D9BD006C58C0 /* WeatherViewController.xib */; };
		6077B6EB1359F19D006C58C0 /* SponsorTableCell.m in Sources */ = {isa = PBXBuildFile; fileRef = 6077B6EA1359F19D006C58C0 /* SponsorTableCell.m */; };
		6077B75C135A5B03006C58C0 /* dpm.jpg in Resources */ = {isa = PBXBuildFile; fileRef = 6077B759135A5B03006C58C0 /* dpm.jpg */; };
		6077B75D135A5B03006C58C0 /* mountain_hardware.gif in Resources */ = {isa = PBXBuildFile; fileRef = 6077B75A135A5B03006C58C0 /* mountain_hardware.gif */; };
		6077B75E135A5B03006C58C0 /* patagonia.jpg in Resources */ = {isa = PBXBuildFile; fileRef = 6077B75B135A5B03006C58C0 /* patagonia.jpg */; };
		6077B774135A61AC006C58C0 /* dpm.png in Resources */ = {isa = PBXBuildFile; fileRef = 6077B773135A61AC006C58C0 /* dpm.png */; };
		6077B77E135A629E006C58C0 /* mountain_hardware.png in Resources */ = {isa = PBXBuildFile; fileRef = 6077B77C135A629E006C58C0 /* mountain_hardware.png */; };
		6077B77F135A629E006C58C0 /* patagonia.png in Resources */ = {isa = PBXBuildFile; fileRef = 6077B77D135A629E006C58C0 /* patagonia.png */; };
		6077B7C0135B000C006C58C0 /* NSObject+SBJSON.m in Sources */ = {isa = PBXBuildFile; fileRef = 6077B7B7135B000C006C58C0 /* NSObject+SBJSON.m */; };
		6077B7C1135B000C006C58C0 /* NSString+SBJSON.m in Sources */ = {isa = PBXBuildFile; fileRef = 6077B7B9135B000C006C58C0 /* NSString+SBJSON.m */; };
		6077B7C2135B000C006C58C0 /* SBJsonBase.m in Sources */ = {isa = PBXBuildFile; fileRef = 6077B7BB135B000C006C58C0 /* SBJsonBase.m */; };
		6077B7C3135B000C006C58C0 /* SBJsonParser.m in Sources */ = {isa = PBXBuildFile; fileRef = 6077B7BD135B000C006C58C0 /* SBJsonParser.m */; };
		6077B7C4135B000C006C58C0 /* SBJsonWriter.m in Sources */ = {isa = PBXBuildFile; fileRef = 6077B7BF135B000C006C58C0 /* SBJsonWriter.m */; };
		60840CBE136C5229002772C6 /* calendar_32.png in Resources */ = {isa = PBXBuildFile; fileRef = 60840CBD136C5229002772C6 /* calendar_32.png */; };
		60840CC7136C5299002772C6 /* globe_32.png in Resources */ = {isa = PBXBuildFile; fileRef = 60840CC6136C5299002772C6 /* globe_32.png */; };
		60840CC9136C5315002772C6 /* pencil_32.png in Resources */ = {isa = PBXBuildFile; fileRef = 60840CC8136C5315002772C6 /* pencil_32.png */; };
		60840CCB136C53B9002772C6 /* user_32.png in Resources */ = {isa = PBXBuildFile; fileRef = 60840CCA136C53B9002772C6 /* user_32.png */; };
		60840CCD136C53FE002772C6 /* help_32.png in Resources */ = {isa = PBXBuildFile; fileRef = 60840CCC136C53FE002772C6 /* help_32.png */; };
		60840CD1136C54AE002772C6 /* star.png in Resources */ = {isa = PBXBuildFile; fileRef = 60840CD0136C54AE002772C6 /* star.png */; };
		60840CD3136C54D8002772C6 /* sun 2.png in Resources */ = {isa = PBXBuildFile; fileRef = 60840CD2136C54D8002772C6 /* sun 2.png */; };
		60840CD5136C54E5002772C6 /* users.png in Resources */ = {isa = PBXBuildFile; fileRef = 60840CD4136C54E5002772C6 /* users.png */; };
		60840CDB136C58DB002772C6 /* vous_logo2.png in Resources */ = {isa = PBXBuildFile; fileRef = 60840CDA136C58DB002772C6 /* vous_logo2.png */; };
		60840D11136C5FE7002772C6 /* icon.png in Resources */ = {isa = PBXBuildFile; fileRef = 60840D10136C5FE7002772C6 /* icon.png */; };
		608F15D11361D73F008E91D8 /* SponsorDetailViewController.m in Sources */ = {isa = PBXBuildFile; fileRef = 608F15CF1361D73F008E91D8 /* SponsorDetailViewController.m */; };
		608F15D21361D73F008E91D8 /* SponsorDetailViewController.xib in Resources */ = {isa = PBXBuildFile; fileRef = 608F15D01361D73F008E91D8 /* SponsorDetailViewController.xib */; };
		60CFB4D4135BA589009160F6 /* vous_logo.png in Resources */ = {isa = PBXBuildFile; fileRef = 60CFB4D3135BA589009160F6 /* vous_logo.png */; };
		60CFCDA5135D2195009160F6 /* MapPoint.m in Sources */ = {isa = PBXBuildFile; fileRef = 60CFCDA4135D2195009160F6 /* MapPoint.m */; };
		60CFCDF4135D22EE009160F6 /* MapKit.framework in Frameworks */ = {isa = PBXBuildFile; fileRef = 60CFCDF3135D22EE009160F6 /* MapKit.framework */; };
		60CFCDF6135D22F4009160F6 /* CoreLocation.framework in Frameworks */ = {isa = PBXBuildFile; fileRef = 60CFCDF5135D22F4009160F6 /* CoreLocation.framework */; };
		60CFCE0C135D2518009160F6 /* climbing.png in Resources */ = {isa = PBXBuildFile; fileRef = 60CFCE0B135D2518009160F6 /* climbing.png */; };
		60CFCE0E135D2530009160F6 /* court.png in Resources */ = {isa = PBXBuildFile; fileRef = 60CFCE0D135D2530009160F6 /* court.png */; };
		60CFCE41135D276B009160F6 /* AreaDailyCell.m in Sources */ = {isa = PBXBuildFile; fileRef = 60CFCE40135D276B009160F6 /* AreaDailyCell.m */; };
		60CFCE83135D2898009160F6 /* cloudy1_night.png in Resources */ = {isa = PBXBuildFile; fileRef = 60CFCE5D135D2898009160F6 /* cloudy1_night.png */; };
		60CFCE84135D2898009160F6 /* cloudy1.png in Resources */ = {isa = PBXBuildFile; fileRef = 60CFCE5E135D2898009160F6 /* cloudy1.png */; };
		60CFCE85135D2898009160F6 /* cloudy2_night.png in Resources */ = {isa = PBXBuildFile; fileRef = 60CFCE5F135D2898009160F6 /* cloudy2_night.png */; };
		60CFCE86135D2898009160F6 /* cloudy2.png in Resources */ = {isa = PBXBuildFile; fileRef = 60CFCE60135D2898009160F6 /* cloudy2.png */; };
		60CFCE87135D2898009160F6 /* cloudy3_night.png in Resources */ = {isa = PBXBuildFile; fileRef = 60CFCE61135D2898009160F6 /* cloudy3_night.png */; };
		60CFCE88135D2898009160F6 /* cloudy3.png in Resources */ = {isa = PBXBuildFile; fileRef = 60CFCE62135D2898009160F6 /* cloudy3.png */; };
		60CFCE89135D2898009160F6 /* cloudy4_night.png in Resources */ = {isa = PBXBuildFile; fileRef = 60CFCE63135D2898009160F6 /* cloudy4_night.png */; };
		60CFCE8A135D2898009160F6 /* cloudy4.png in Resources */ = {isa = PBXBuildFile; fileRef = 60CFCE64135D2898009160F6 /* cloudy4.png */; };
		60CFCE8B135D2898009160F6 /* cloudy5.png in Resources */ = {isa = PBXBuildFile; fileRef = 60CFCE65135D2898009160F6 /* cloudy5.png */; };
		60CFCE8C135D2898009160F6 /* dunno.png in Resources */ = {isa = PBXBuildFile; fileRef = 60CFCE66135D2898009160F6 /* dunno.png */; };
		60CFCE8D135D2898009160F6 /* fog_night.png in Resources */ = {isa = PBXBuildFile; fileRef = 60CFCE67135D2898009160F6 /* fog_night.png */; };
		60CFCE8E135D2898009160F6 /* fog.png in Resources */ = {isa = PBXBuildFile; fileRef = 60CFCE68135D2898009160F6 /* fog.png */; };
		60CFCE8F135D2898009160F6 /* hail.png in Resources */ = {isa = PBXBuildFile; fileRef = 60CFCE69135D2898009160F6 /* hail.png */; };
		60CFCE90135D2898009160F6 /* light_rain.png in Resources */ = {isa = PBXBuildFile; fileRef = 60CFCE6A135D2898009160F6 /* light_rain.png */; };
		60CFCE91135D2898009160F6 /* mist_night.png in Resources */ = {isa = PBXBuildFile; fileRef = 60CFCE6B135D2898009160F6 /* mist_night.png */; };
		60CFCE92135D2898009160F6 /* mist.png in Resources */ = {isa = PBXBuildFile; fileRef = 60CFCE6C135D2898009160F6 /* mist.png */; };
		60CFCE93135D2898009160F6 /* overcast.png in Resources */ = {isa = PBXBuildFile; fileRef = 60CFCE6D135D2898009160F6 /* overcast.png */; };
		60CFCE94135D2898009160F6 /* shower1_night.png in Resources */ = {isa = PBXBuildFile; fileRef = 60CFCE6E135D2898009160F6 /* shower1_night.png */; };
		60CFCE95135D2898009160F6 /* shower1.png in Resources */ = {isa = PBXBuildFile; fileRef = 60CFCE6F135D2898009160F6 /* shower1.png */; };
		60CFCE96135D2898009160F6 /* shower2_night.png in Resources */ = {isa = PBXBuildFile; fileRef = 60CFCE70135D2898009160F6 /* shower2_night.png */; };
		60CFCE97135D2898009160F6 /* shower2.png in Resources */ = {isa = PBXBuildFile; fileRef = 60CFCE71135D2898009160F6 /* shower2.png */; };
		60CFCE98135D2898009160F6 /* shower3.png in Resources */ = {isa = PBXBuildFile; fileRef = 60CFCE72135D2898009160F6 /* shower3.png */; };
		60CFCE99135D2898009160F6 /* sleet.png in Resources */ = {isa = PBXBuildFile; fileRef = 60CFCE73135D2898009160F6 /* sleet.png */; };
		60CFCE9A135D2898009160F6 /* snow1_night.png in Resources */ = {isa = PBXBuildFile; fileRef = 60CFCE74135D2898009160F6 /* snow1_night.png */; };
		60CFCE9B135D2898009160F6 /* snow1.png in Resources */ = {isa = PBXBuildFile; fileRef = 60CFCE75135D2898009160F6 /* snow1.png */; };
		60CFCE9C135D2898009160F6 /* snow2_night.png in Resources */ = {isa = PBXBuildFile; fileRef = 60CFCE76135D2898009160F6 /* snow2_night.png */; };
		60CFCE9D135D2898009160F6 /* snow2.png in Resources */ = {isa = PBXBuildFile; fileRef = 60CFCE77135D2898009160F6 /* snow2.png */; };
		60CFCE9E135D2898009160F6 /* snow3_night.png in Resources */ = {isa = PBXBuildFile; fileRef = 60CFCE78135D2898009160F6 /* snow3_night.png */; };
		60CFCE9F135D2898009160F6 /* snow3.png in Resources */ = {isa = PBXBuildFile; fileRef = 60CFCE79135D2898009160F6 /* snow3.png */; };
		60CFCEA0135D2898009160F6 /* snow4.png in Resources */ = {isa = PBXBuildFile; fileRef = 60CFCE7A135D2898009160F6 /* snow4.png */; };
		60CFCEA1135D2898009160F6 /* snow5.png in Resources */ = {isa = PBXBuildFile; fileRef = 60CFCE7B135D2898009160F6 /* snow5.png */; };
		60CFCEA2135D2898009160F6 /* sunny_night.png in Resources */ = {isa = PBXBuildFile; fileRef = 60CFCE7C135D2898009160F6 /* sunny_night.png */; };
		60CFCEA3135D2898009160F6 /* sunny.png in Resources */ = {isa = PBXBuildFile; fileRef = 60CFCE7D135D2898009160F6 /* sunny.png */; };
		60CFCEA4135D2898009160F6 /* tstorm1_night.png in Resources */ = {isa = PBXBuildFile; fileRef = 60CFCE7E135D2898009160F6 /* tstorm1_night.png */; };
		60CFCEA5135D2898009160F6 /* tstorm1.png in Resources */ = {isa = PBXBuildFile; fileRef = 60CFCE7F135D2898009160F6 /* tstorm1.png */; };
		60CFCEA6135D2898009160F6 /* tstorm2_night.png in Resources */ = {isa = PBXBuildFile; fileRef = 60CFCE80135D2898009160F6 /* tstorm2_night.png */; };
		60CFCEA7135D2898009160F6 /* tstorm2.png in Resources */ = {isa = PBXBuildFile; fileRef = 60CFCE81135D2898009160F6 /* tstorm2.png */; };
		60CFCEA8135D2898009160F6 /* tstorm3.png in Resources */ = {isa = PBXBuildFile; fileRef = 60CFCE82135D2898009160F6 /* tstorm3.png */; };
		60CFCEE8135E6D1E009160F6 /* 100_BlackDiamond.jpg in Resources */ = {isa = PBXBuildFile; fileRef = 60CFCECD135E6D1D009160F6 /* 100_BlackDiamond.jpg */; };
		60CFCEE9135E6D1E009160F6 /* 100_chaco_logo.jpg in Resources */ = {isa = PBXBuildFile; fileRef = 60CFCECE135E6D1D009160F6 /* 100_chaco_logo.jpg */; };
		60CFCEEA135E6D1E009160F6 /* 100_darn-tough-logo.jpg in Resources */ = {isa = PBXBuildFile; fileRef = 60CFCECF135E6D1D009160F6 /* 100_darn-tough-logo.jpg */; };
		60CFCEEB135E6D1E009160F6 /* 100_evolv100x100.jpg in Resources */ = {isa = PBXBuildFile; fileRef = 60CFCED0135E6D1D009160F6 /* 100_evolv100x100.jpg */; };
		60CFCEEC135E6D1E009160F6 /* 100_fivetenlogo.jpg in Resources */ = {isa = PBXBuildFile; fileRef = 60CFCED1135E6D1D009160F6 /* 100_fivetenlogo.jpg */; };
		60CFCEED135E6D1E009160F6 /* 100_Fox_Mountain_Guides_Website.jpg in Resources */ = {isa = PBXBuildFile; fileRef = 60CFCED2135E6D1D009160F6 /* 100_Fox_Mountain_Guides_Website.jpg */; };
		60CFCEEE135E6D1E009160F6 /* 100_FriksnLogo08.jpg in Resources */ = {isa = PBXBuildFile; fileRef = 60CFCED3135E6D1D009160F6 /* 100_FriksnLogo08.jpg */; };
		60CFCEEF135E6D1E009160F6 /* 100_logo_box_web.jpg in Resources */ = {isa = PBXBuildFile; fileRef = 60CFCED4135E6D1D009160F6 /* 100_logo_box_web.jpg */; };
		60CFCEF0135E6D1E009160F6 /* 100_mammut.jpg in Resources */ = {isa = PBXBuildFile; fileRef = 60CFCED5135E6D1D009160F6 /* 100_mammut.jpg */; };
		60CFCEF1135E6D1E009160F6 /* 100_Misty-Mtn-Color.jpg in Resources */ = {isa = PBXBuildFile; fileRef = 60CFCED6135E6D1D009160F6 /* 100_Misty-Mtn-Color.jpg */; };
		60CFCEF2135E6D1E009160F6 /* 100_mk_logo_web.jpg in Resources */ = {isa = PBXBuildFile; fileRef = 60CFCED7135E6D1D009160F6 /* 100_mk_logo_web.jpg */; };
		60CFCEF3135E6D1E009160F6 /* 100_NUTRIEX-short.jpg in Resources */ = {isa = PBXBuildFile; fileRef = 60CFCED8135E6D1D009160F6 /* 100_NUTRIEX-short.jpg */; };
		60CFCEF4135E6D1E009160F6 /* 100_Osprey-Logo.jpg in Resources */ = {isa = PBXBuildFile; fileRef = 60CFCED9135E6D1D009160F6 /* 100_Osprey-Logo.jpg */; };
		60CFCEF5135E6D1E009160F6 /* 100_petzl_logo.jpg in Resources */ = {isa = PBXBuildFile; fileRef = 60CFCEDA135E6D1D009160F6 /* 100_petzl_logo.jpg */; };
		60CFCEF6135E6D1E009160F6 /* 100_Prana_Logo_Black.jpg in Resources */ = {isa = PBXBuildFile; fileRef = 60CFCEDB135E6D1D009160F6 /* 100_Prana_Logo_Black.jpg */; };
		60CFCEF7135E6D1E009160F6 /* 100_scarpa_logo.jpg in Resources */ = {isa = PBXBuildFile; fileRef = 60CFCEDC135E6D1D009160F6 /* 100_scarpa_logo.jpg */; };
		60CFCEF8135E6D1E009160F6 /* 100_So_iLL_Outline.jpg in Resources */ = {isa = PBXBuildFile; fileRef = 60CFCEDD135E6D1D009160F6 /* 100_So_iLL_Outline.jpg */; };
		60CFCEF9135E6D1E009160F6 /* 100_STERLING-logo-_Converted_.jpg in Resources */ = {isa = PBXBuildFile; fileRef = 60CFCEDE135E6D1D009160F6 /* 100_STERLING-logo-_Converted_.jpg */; };
		60CFCEFA135E6D1E009160F6 /* 100_TrangoOvalLogo_2_.jpg in Resources */ = {isa = PBXBuildFile; fileRef = 60CFCEDF135E6D1D009160F6 /* 100_TrangoOvalLogo_2_.jpg */; };
		60CFCEFB135E6D1E009160F6 /* 100_WW_Logo-TIFF.jpg in Resources */ = {isa = PBXBuildFile; fileRef = 60CFCEE0135E6D1D009160F6 /* 100_WW_Logo-TIFF.jpg */; };
		60CFCEFC135E6D1E009160F6 /* 150_DPM-logo.jpg in Resources */ = {isa = PBXBuildFile; fileRef = 60CFCEE1135E6D1D009160F6 /* 150_DPM-logo.jpg */; };
		60CFCEFD135E6D1E009160F6 /* 150_Half-Mtn-Lg_1_.jpg in Resources */ = {isa = PBXBuildFile; fileRef = 60CFCEE2135E6D1D009160F6 /* 150_Half-Mtn-Lg_1_.jpg */; };
		60CFCEFE135E6D1E009160F6 /* 150_Metolius-Web-Lg.jpg in Resources */ = {isa = PBXBuildFile; fileRef = 60CFCEE3135E6D1D009160F6 /* 150_Metolius-Web-Lg.jpg */; };
		60CFCEFF135E6D1E009160F6 /* 150_Mtn_Hdwr.4c.jpg in Resources */ = {isa = PBXBuildFile; fileRef = 60CFCEE4135E6D1D009160F6 /* 150_Mtn_Hdwr.4c.jpg */; };
		60CFCF00135E6D1E009160F6 /* 150_nom.jpg in Resources */ = {isa = PBXBuildFile; fileRef = 60CFCEE5135E6D1E009160F6 /* 150_nom.jpg */; };
		60CFCF01135E6D1E009160F6 /* 150_ORlogo.jpg in Resources */ = {isa = PBXBuildFile; fileRef = 60CFCEE6135E6D1E009160F6 /* 150_ORlogo.jpg */; };
		60CFCF02135E6D1E009160F6 /* 150_Patagonia-Word-Logo.jpg in Resources */ = {isa = PBXBuildFile; fileRef = 60CFCEE7135E6D1E009160F6 /* 150_Patagonia-Word-Logo.jpg */; };
		60CFCF13135E716A009160F6 /* EventViewController.m in Sources */ = {isa = PBXBuildFile; fileRef = 60CFCF11135E716A009160F6 /* EventViewController.m */; };
		60CFCF14135E716A009160F6 /* EventViewController.xib in Resources */ = {isa = PBXBuildFile; fileRef = 60CFCF12135E716A009160F6 /* EventViewController.xib */; };
/* End PBXBuildFile section */

/* Begin PBXFileReference section */
		1D30AB110D05D00D00671497 /* Foundation.framework */ = {isa = PBXFileReference; lastKnownFileType = wrapper.framework; name = Foundation.framework; path = System/Library/Frameworks/Foundation.framework; sourceTree = SDKROOT; };
		1D3623240D0F684500981E51 /* rendezvousAppDelegate.h */ = {isa = PBXFileReference; fileEncoding = 4; lastKnownFileType = sourcecode.c.h; path = rendezvousAppDelegate.h; sourceTree = "<group>"; };
		1D3623250D0F684500981E51 /* rendezvousAppDelegate.m */ = {isa = PBXFileReference; fileEncoding = 4; lastKnownFileType = sourcecode.c.objc; path = rendezvousAppDelegate.m; sourceTree = "<group>"; };
		1D6058910D05DD3D006BFB54 /* Rendezvous.app */ = {isa = PBXFileReference; explicitFileType = wrapper.application; includeInIndex = 0; path = Rendezvous.app; sourceTree = BUILT_PRODUCTS_DIR; };
		1DF5F4DF0D08C38300B7A737 /* UIKit.framework */ = {isa = PBXFileReference; lastKnownFileType = wrapper.framework; name = UIKit.framework; path = System/Library/Frameworks/UIKit.framework; sourceTree = SDKROOT; };
		288765A40DF7441C002DB57D /* CoreGraphics.framework */ = {isa = PBXFileReference; lastKnownFileType = wrapper.framework; name = CoreGraphics.framework; path = System/Library/Frameworks/CoreGraphics.framework; sourceTree = SDKROOT; };
		28AD733E0D9D9553002E5188 /* MainWindow.xib */ = {isa = PBXFileReference; lastKnownFileType = file.xib; path = MainWindow.xib; sourceTree = "<group>"; };
		28C3AD890F43EF2300507BA6 /* rendezvous.xcdatamodel */ = {isa = PBXFileReference; fileEncoding = 4; lastKnownFileType = wrapper.xcdatamodel; path = rendezvous.xcdatamodel; sourceTree = "<group>"; };
		28D801B30F44B63D00FB423F /* CoreData.framework */ = {isa = PBXFileReference; lastKnownFileType = wrapper.framework; name = CoreData.framework; path = System/Library/Frameworks/CoreData.framework; sourceTree = SDKROOT; };
		29B97316FDCFA39411CA2CEA /* main.m */ = {isa = PBXFileReference; fileEncoding = 4; lastKnownFileType = sourcecode.c.objc; path = main.m; sourceTree = "<group>"; };
		32CA4F630368D1EE00C91783 /* rendezvous_Prefix.pch */ = {isa = PBXFileReference; fileEncoding = 4; lastKnownFileType = sourcecode.c.h; path = rendezvous_Prefix.pch; sourceTree = "<group>"; };
		6077B6121359B5C0006C58C0 /* HomeViewController.h */ = {isa = PBXFileReference; fileEncoding = 4; lastKnownFileType = sourcecode.c.h; path = HomeViewController.h; sourceTree = "<group>"; };
		6077B6131359B5C0006C58C0 /* HomeViewController.m */ = {isa = PBXFileReference; fileEncoding = 4; lastKnownFileType = sourcecode.c.objc; path = HomeViewController.m; sourceTree = "<group>"; };
		6077B6141359B5C0006C58C0 /* HomeViewController.xib */ = {isa = PBXFileReference; lastKnownFileType = file.xib; path = HomeViewController.xib; sourceTree = "<group>"; };
		6077B61D1359B70A006C58C0 /* 83-calendar.png */ = {isa = PBXFileReference; lastKnownFileType = image.png; path = "83-calendar.png"; sourceTree = "<group>"; };
		6077B61F1359B745006C58C0 /* 112-group.png */ = {isa = PBXFileReference; lastKnownFileType = image.png; path = "112-group.png"; sourceTree = "<group>"; };
		6077B6211359B78C006C58C0 /* 134-viking.png */ = {isa = PBXFileReference; lastKnownFileType = image.png; path = "134-viking.png"; sourceTree = "<group>"; };
		6077B6231359B7C9006C58C0 /* 103-map.png */ = {isa = PBXFileReference; lastKnownFileType = image.png; path = "103-map.png"; sourceTree = "<group>"; };
		6077B6251359B7DB006C58C0 /* 171-sun.png */ = {isa = PBXFileReference; lastKnownFileType = image.png; path = "171-sun.png"; sourceTree = "<group>"; };
		6077B6271359BB9B006C58C0 /* 189-plant.png */ = {isa = PBXFileReference; lastKnownFileType = image.png; path = "189-plant.png"; sourceTree = "<group>"; };
		6077B6291359C312006C58C0 /* 108-badge.png */ = {isa = PBXFileReference; lastKnownFileType = image.png; path = "108-badge.png"; sourceTree = "<group>"; };
		6077B6311359CFF4006C58C0 /* ScheduleViewController.h */ = {isa = PBXFileReference; fileEncoding = 4; lastKnownFileType = sourcecode.c.h; path = ScheduleViewController.h; sourceTree = "<group>"; };
		6077B6321359CFF4006C58C0 /* ScheduleViewController.m */ = {isa = PBXFileReference; fileEncoding = 4; lastKnownFileType = sourcecode.c.objc; path = ScheduleViewController.m; sourceTree = "<group>"; };
		6077B6331359CFF4006C58C0 /* ScheduleViewController.xib */ = {isa = PBXFileReference; lastKnownFileType = file.xib; path = ScheduleViewController.xib; sourceTree = "<group>"; };
		6077B65A1359D458006C58C0 /* SupportViewController.h */ = {isa = PBXFileReference; fileEncoding = 4; lastKnownFileType = sourcecode.c.h; path = SupportViewController.h; sourceTree = "<group>"; };
		6077B65B1359D458006C58C0 /* SupportViewController.m */ = {isa = PBXFileReference; fileEncoding = 4; lastKnownFileType = sourcecode.c.objc; path = SupportViewController.m; sourceTree = "<group>"; };
		6077B65C1359D458006C58C0 /* SupportViewController.xib */ = {isa = PBXFileReference; lastKnownFileType = file.xib; path = SupportViewController.xib; sourceTree = "<group>"; };
		6077B6721359D8CB006C58C0 /* SponsorViewController.h */ = {isa = PBXFileReference; fileEncoding = 4; lastKnownFileType = sourcecode.c.h; path = SponsorViewController.h; sourceTree = "<group>"; };
		6077B6731359D8CB006C58C0 /* SponsorViewController.m */ = {isa = PBXFileReference; fileEncoding = 4; lastKnownFileType = sourcecode.c.objc; path = SponsorViewController.m; sourceTree = "<group>"; };
		6077B6741359D8CB006C58C0 /* SponsorViewController.xib */ = {isa = PBXFileReference; lastKnownFileType = file.xib; path = SponsorViewController.xib; sourceTree = "<group>"; };
		6077B67C1359D9A9006C58C0 /* RegistrationViewController.h */ = {isa = PBXFileReference; fileEncoding = 4; lastKnownFileType = sourcecode.c.h; path = RegistrationViewController.h; sourceTree = "<group>"; };
		6077B67D1359D9A9006C58C0 /* RegistrationViewController.m */ = {isa = PBXFileReference; fileEncoding = 4; lastKnownFileType = sourcecode.c.objc; path = RegistrationViewController.m; sourceTree = "<group>"; };
		6077B67E1359D9A9006C58C0 /* RegistrationViewController.xib */ = {isa = PBXFileReference; lastKnownFileType = file.xib; path = RegistrationViewController.xib; sourceTree = "<group>"; };
		6077B6831359D9B3006C58C0 /* MapViewController.h */ = {isa = PBXFileReference; fileEncoding = 4; lastKnownFileType = sourcecode.c.h; path = MapViewController.h; sourceTree = "<group>"; };
		6077B6841359D9B3006C58C0 /* MapViewController.m */ = {isa = PBXFileReference; fileEncoding = 4; lastKnownFileType = sourcecode.c.objc; path = MapViewController.m; sourceTree = "<group>"; };
		6077B6851359D9B3006C58C0 /* MapViewController.xib */ = {isa = PBXFileReference; lastKnownFileType = file.xib; path = MapViewController.xib; sourceTree = "<group>"; };
		6077B68A1359D9BD006C58C0 /* WeatherViewController.h */ = {isa = PBXFileReference; fileEncoding = 4; lastKnownFileType = sourcecode.c.h; path = WeatherViewController.h; sourceTree = "<group>"; };
		6077B68B1359D9BD006C58C0 /* WeatherViewController.m */ = {isa = PBXFileReference; fileEncoding = 4; lastKnownFileType = sourcecode.c.objc; path = WeatherViewController.m; sourceTree = "<group>"; };
		6077B68C1359D9BD006C58C0 /* WeatherViewController.xib */ = {isa = PBXFileReference; lastKnownFileType = file.xib; path = WeatherViewController.xib; sourceTree = "<group>"; };
		6077B6E91359F19D006C58C0 /* SponsorTableCell.h */ = {isa = PBXFileReference; fileEncoding = 4; lastKnownFileType = sourcecode.c.h; path = SponsorTableCell.h; sourceTree = "<group>"; };
		6077B6EA1359F19D006C58C0 /* SponsorTableCell.m */ = {isa = PBXFileReference; fileEncoding = 4; lastKnownFileType = sourcecode.c.objc; path = SponsorTableCell.m; sourceTree = "<group>"; };
		6077B759135A5B03006C58C0 /* dpm.jpg */ = {isa = PBXFileReference; lastKnownFileType = image.jpeg; path = dpm.jpg; sourceTree = "<group>"; };
		6077B75A135A5B03006C58C0 /* mountain_hardware.gif */ = {isa = PBXFileReference; lastKnownFileType = image.gif; path = mountain_hardware.gif; sourceTree = "<group>"; };
		6077B75B135A5B03006C58C0 /* patagonia.jpg */ = {isa = PBXFileReference; lastKnownFileType = image.jpeg; path = patagonia.jpg; sourceTree = "<group>"; };
		6077B773135A61AC006C58C0 /* dpm.png */ = {isa = PBXFileReference; lastKnownFileType = image.png; path = dpm.png; sourceTree = "<group>"; };
		6077B77C135A629E006C58C0 /* mountain_hardware.png */ = {isa = PBXFileReference; lastKnownFileType = image.png; path = mountain_hardware.png; sourceTree = "<group>"; };
		6077B77D135A629E006C58C0 /* patagonia.png */ = {isa = PBXFileReference; lastKnownFileType = image.png; path = patagonia.png; sourceTree = "<group>"; };
		6077B7B5135B000C006C58C0 /* JSON.h */ = {isa = PBXFileReference; fileEncoding = 4; lastKnownFileType = sourcecode.c.h; path = JSON.h; sourceTree = "<group>"; };
		6077B7B6135B000C006C58C0 /* NSObject+SBJSON.h */ = {isa = PBXFileReference; fileEncoding = 4; lastKnownFileType = sourcecode.c.h; path = "NSObject+SBJSON.h"; sourceTree = "<group>"; };
		6077B7B7135B000C006C58C0 /* NSObject+SBJSON.m */ = {isa = PBXFileReference; fileEncoding = 4; lastKnownFileType = sourcecode.c.objc; path = "NSObject+SBJSON.m"; sourceTree = "<group>"; };
		6077B7B8135B000C006C58C0 /* NSString+SBJSON.h */ = {isa = PBXFileReference; fileEncoding = 4; lastKnownFileType = sourcecode.c.h; path = "NSString+SBJSON.h"; sourceTree = "<group>"; };
		6077B7B9135B000C006C58C0 /* NSString+SBJSON.m */ = {isa = PBXFileReference; fileEncoding = 4; lastKnownFileType = sourcecode.c.objc; path = "NSString+SBJSON.m"; sourceTree = "<group>"; };
		6077B7BA135B000C006C58C0 /* SBJsonBase.h */ = {isa = PBXFileReference; fileEncoding = 4; lastKnownFileType = sourcecode.c.h; path = SBJsonBase.h; sourceTree = "<group>"; };
		6077B7BB135B000C006C58C0 /* SBJsonBase.m */ = {isa = PBXFileReference; fileEncoding = 4; lastKnownFileType = sourcecode.c.objc; path = SBJsonBase.m; sourceTree = "<group>"; };
		6077B7BC135B000C006C58C0 /* SBJsonParser.h */ = {isa = PBXFileReference; fileEncoding = 4; lastKnownFileType = sourcecode.c.h; path = SBJsonParser.h; sourceTree = "<group>"; };
		6077B7BD135B000C006C58C0 /* SBJsonParser.m */ = {isa = PBXFileReference; fileEncoding = 4; lastKnownFileType = sourcecode.c.objc; path = SBJsonParser.m; sourceTree = "<group>"; };
		6077B7BE135B000C006C58C0 /* SBJsonWriter.h */ = {isa = PBXFileReference; fileEncoding = 4; lastKnownFileType = sourcecode.c.h; path = SBJsonWriter.h; sourceTree = "<group>"; };
		6077B7BF135B000C006C58C0 /* SBJsonWriter.m */ = {isa = PBXFileReference; fileEncoding = 4; lastKnownFileType = sourcecode.c.objc; path = SBJsonWriter.m; sourceTree = "<group>"; };
		60840CBD136C5229002772C6 /* calendar_32.png */ = {isa = PBXFileReference; lastKnownFileType = image.png; path = calendar_32.png; sourceTree = "<group>"; };
		60840CC6136C5299002772C6 /* globe_32.png */ = {isa = PBXFileReference; lastKnownFileType = image.png; path = globe_32.png; sourceTree = "<group>"; };
		60840CC8136C5315002772C6 /* pencil_32.png */ = {isa = PBXFileReference; lastKnownFileType = image.png; path = pencil_32.png; sourceTree = "<group>"; };
		60840CCA136C53B9002772C6 /* user_32.png */ = {isa = PBXFileReference; lastKnownFileType = image.png; path = user_32.png; sourceTree = "<group>"; };
		60840CCC136C53FE002772C6 /* help_32.png */ = {isa = PBXFileReference; lastKnownFileType = image.png; path = help_32.png; sourceTree = "<group>"; };
		60840CD0136C54AE002772C6 /* star.png */ = {isa = PBXFileReference; lastKnownFileType = image.png; path = star.png; sourceTree = "<group>"; };
		60840CD2136C54D8002772C6 /* sun 2.png */ = {isa = PBXFileReference; lastKnownFileType = image.png; path = "sun 2.png"; sourceTree = "<group>"; };
		60840CD4136C54E5002772C6 /* users.png */ = {isa = PBXFileReference; lastKnownFileType = image.png; path = users.png; sourceTree = "<group>"; };
		60840CDA136C58DB002772C6 /* vous_logo2.png */ = {isa = PBXFileReference; lastKnownFileType = image.png; path = vous_logo2.png; sourceTree = "<group>"; };
		60840D10136C5FE7002772C6 /* icon.png */ = {isa = PBXFileReference; lastKnownFileType = image.png; path = icon.png; sourceTree = "<group>"; };
		608F15CE1361D73F008E91D8 /* SponsorDetailViewController.h */ = {isa = PBXFileReference; fileEncoding = 4; lastKnownFileType = sourcecode.c.h; path = SponsorDetailViewController.h; sourceTree = "<group>"; };
		608F15CF1361D73F008E91D8 /* SponsorDetailViewController.m */ = {isa = PBXFileReference; fileEncoding = 4; lastKnownFileType = sourcecode.c.objc; path = SponsorDetailViewController.m; sourceTree = "<group>"; };
		608F15D01361D73F008E91D8 /* SponsorDetailViewController.xib */ = {isa = PBXFileReference; lastKnownFileType = file.xib; path = SponsorDetailViewController.xib; sourceTree = "<group>"; };
		60CFB4D3135BA589009160F6 /* vous_logo.png */ = {isa = PBXFileReference; lastKnownFileType = image.png; path = vous_logo.png; sourceTree = "<group>"; };
		60CFCDA3135D2195009160F6 /* MapPoint.h */ = {isa = PBXFileReference; fileEncoding = 4; lastKnownFileType = sourcecode.c.h; path = MapPoint.h; sourceTree = "<group>"; };
		60CFCDA4135D2195009160F6 /* MapPoint.m */ = {isa = PBXFileReference; fileEncoding = 4; lastKnownFileType = sourcecode.c.objc; path = MapPoint.m; sourceTree = "<group>"; };
		60CFCDF3135D22EE009160F6 /* MapKit.framework */ = {isa = PBXFileReference; lastKnownFileType = wrapper.framework; name = MapKit.framework; path = System/Library/Frameworks/MapKit.framework; sourceTree = SDKROOT; };
		60CFCDF5135D22F4009160F6 /* CoreLocation.framework */ = {isa = PBXFileReference; lastKnownFileType = wrapper.framework; name = CoreLocation.framework; path = System/Library/Frameworks/CoreLocation.framework; sourceTree = SDKROOT; };
		60CFCE0B135D2518009160F6 /* climbing.png */ = {isa = PBXFileReference; lastKnownFileType = image.png; path = climbing.png; sourceTree = "<group>"; };
		60CFCE0D135D2530009160F6 /* court.png */ = {isa = PBXFileReference; lastKnownFileType = image.png; path = court.png; sourceTree = "<group>"; };
		60CFCE3F135D276B009160F6 /* AreaDailyCell.h */ = {isa = PBXFileReference; fileEncoding = 4; lastKnownFileType = sourcecode.c.h; path = AreaDailyCell.h; sourceTree = "<group>"; };
		60CFCE40135D276B009160F6 /* AreaDailyCell.m */ = {isa = PBXFileReference; fileEncoding = 4; lastKnownFileType = sourcecode.c.objc; path = AreaDailyCell.m; sourceTree = "<group>"; };
		60CFCE5D135D2898009160F6 /* cloudy1_night.png */ = {isa = PBXFileReference; lastKnownFileType = image.png; path = cloudy1_night.png; sourceTree = "<group>"; };
		60CFCE5E135D2898009160F6 /* cloudy1.png */ = {isa = PBXFileReference; lastKnownFileType = image.png; path = cloudy1.png; sourceTree = "<group>"; };
		60CFCE5F135D2898009160F6 /* cloudy2_night.png */ = {isa = PBXFileReference; lastKnownFileType = image.png; path = cloudy2_night.png; sourceTree = "<group>"; };
		60CFCE60135D2898009160F6 /* cloudy2.png */ = {isa = PBXFileReference; lastKnownFileType = image.png; path = cloudy2.png; sourceTree = "<group>"; };
		60CFCE61135D2898009160F6 /* cloudy3_night.png */ = {isa = PBXFileReference; lastKnownFileType = image.png; path = cloudy3_night.png; sourceTree = "<group>"; };
		60CFCE62135D2898009160F6 /* cloudy3.png */ = {isa = PBXFileReference; lastKnownFileType = image.png; path = cloudy3.png; sourceTree = "<group>"; };
		60CFCE63135D2898009160F6 /* cloudy4_night.png */ = {isa = PBXFileReference; lastKnownFileType = image.png; path = cloudy4_night.png; sourceTree = "<group>"; };
		60CFCE64135D2898009160F6 /* cloudy4.png */ = {isa = PBXFileReference; lastKnownFileType = image.png; path = cloudy4.png; sourceTree = "<group>"; };
		60CFCE65135D2898009160F6 /* cloudy5.png */ = {isa = PBXFileReference; lastKnownFileType = image.png; path = cloudy5.png; sourceTree = "<group>"; };
		60CFCE66135D2898009160F6 /* dunno.png */ = {isa = PBXFileReference; lastKnownFileType = image.png; path = dunno.png; sourceTree = "<group>"; };
		60CFCE67135D2898009160F6 /* fog_night.png */ = {isa = PBXFileReference; lastKnownFileType = image.png; path = fog_night.png; sourceTree = "<group>"; };
		60CFCE68135D2898009160F6 /* fog.png */ = {isa = PBXFileReference; lastKnownFileType = image.png; path = fog.png; sourceTree = "<group>"; };
		60CFCE69135D2898009160F6 /* hail.png */ = {isa = PBXFileReference; lastKnownFileType = image.png; path = hail.png; sourceTree = "<group>"; };
		60CFCE6A135D2898009160F6 /* light_rain.png */ = {isa = PBXFileReference; lastKnownFileType = image.png; path = light_rain.png; sourceTree = "<group>"; };
		60CFCE6B135D2898009160F6 /* mist_night.png */ = {isa = PBXFileReference; lastKnownFileType = image.png; path = mist_night.png; sourceTree = "<group>"; };
		60CFCE6C135D2898009160F6 /* mist.png */ = {isa = PBXFileReference; lastKnownFileType = image.png; path = mist.png; sourceTree = "<group>"; };
		60CFCE6D135D2898009160F6 /* overcast.png */ = {isa = PBXFileReference; lastKnownFileType = image.png; path = overcast.png; sourceTree = "<group>"; };
		60CFCE6E135D2898009160F6 /* shower1_night.png */ = {isa = PBXFileReference; lastKnownFileType = image.png; path = shower1_night.png; sourceTree = "<group>"; };
		60CFCE6F135D2898009160F6 /* shower1.png */ = {isa = PBXFileReference; lastKnownFileType = image.png; path = shower1.png; sourceTree = "<group>"; };
		60CFCE70135D2898009160F6 /* shower2_night.png */ = {isa = PBXFileReference; lastKnownFileType = image.png; path = shower2_night.png; sourceTree = "<group>"; };
		60CFCE71135D2898009160F6 /* shower2.png */ = {isa = PBXFileReference; lastKnownFileType = image.png; path = shower2.png; sourceTree = "<group>"; };
		60CFCE72135D2898009160F6 /* shower3.png */ = {isa = PBXFileReference; lastKnownFileType = image.png; path = shower3.png; sourceTree = "<group>"; };
		60CFCE73135D2898009160F6 /* sleet.png */ = {isa = PBXFileReference; lastKnownFileType = image.png; path = sleet.png; sourceTree = "<group>"; };
		60CFCE74135D2898009160F6 /* snow1_night.png */ = {isa = PBXFileReference; lastKnownFileType = image.png; path = snow1_night.png; sourceTree = "<group>"; };
		60CFCE75135D2898009160F6 /* snow1.png */ = {isa = PBXFileReference; lastKnownFileType = image.png; path = snow1.png; sourceTree = "<group>"; };
		60CFCE76135D2898009160F6 /* snow2_night.png */ = {isa = PBXFileReference; lastKnownFileType = image.png; path = snow2_night.png; sourceTree = "<group>"; };
		60CFCE77135D2898009160F6 /* snow2.png */ = {isa = PBXFileReference; lastKnownFileType = image.png; path = snow2.png; sourceTree = "<group>"; };
		60CFCE78135D2898009160F6 /* snow3_night.png */ = {isa = PBXFileReference; lastKnownFileType = image.png; path = snow3_night.png; sourceTree = "<group>"; };
		60CFCE79135D2898009160F6 /* snow3.png */ = {isa = PBXFileReference; lastKnownFileType = image.png; path = snow3.png; sourceTree = "<group>"; };
		60CFCE7A135D2898009160F6 /* snow4.png */ = {isa = PBXFileReference; lastKnownFileType = image.png; path = snow4.png; sourceTree = "<group>"; };
		60CFCE7B135D2898009160F6 /* snow5.png */ = {isa = PBXFileReference; lastKnownFileType = image.png; path = snow5.png; sourceTree = "<group>"; };
		60CFCE7C135D2898009160F6 /* sunny_night.png */ = {isa = PBXFileReference; lastKnownFileType = image.png; path = sunny_night.png; sourceTree = "<group>"; };
		60CFCE7D135D2898009160F6 /* sunny.png */ = {isa = PBXFileReference; lastKnownFileType = image.png; path = sunny.png; sourceTree = "<group>"; };
		60CFCE7E135D2898009160F6 /* tstorm1_night.png */ = {isa = PBXFileReference; lastKnownFileType = image.png; path = tstorm1_night.png; sourceTree = "<group>"; };
		60CFCE7F135D2898009160F6 /* tstorm1.png */ = {isa = PBXFileReference; lastKnownFileType = image.png; path = tstorm1.png; sourceTree = "<group>"; };
		60CFCE80135D2898009160F6 /* tstorm2_night.png */ = {isa = PBXFileReference; lastKnownFileType = image.png; path = tstorm2_night.png; sourceTree = "<group>"; };
		60CFCE81135D2898009160F6 /* tstorm2.png */ = {isa = PBXFileReference; lastKnownFileType = image.png; path = tstorm2.png; sourceTree = "<group>"; };
		60CFCE82135D2898009160F6 /* tstorm3.png */ = {isa = PBXFileReference; lastKnownFileType = image.png; path = tstorm3.png; sourceTree = "<group>"; };
		60CFCECD135E6D1D009160F6 /* 100_BlackDiamond.jpg */ = {isa = PBXFileReference; lastKnownFileType = image.jpeg; path = 100_BlackDiamond.jpg; sourceTree = "<group>"; };
		60CFCECE135E6D1D009160F6 /* 100_chaco_logo.jpg */ = {isa = PBXFileReference; lastKnownFileType = image.jpeg; path = 100_chaco_logo.jpg; sourceTree = "<group>"; };
		60CFCECF135E6D1D009160F6 /* 100_darn-tough-logo.jpg */ = {isa = PBXFileReference; lastKnownFileType = image.jpeg; path = "100_darn-tough-logo.jpg"; sourceTree = "<group>"; };
		60CFCED0135E6D1D009160F6 /* 100_evolv100x100.jpg */ = {isa = PBXFileReference; lastKnownFileType = image.jpeg; path = 100_evolv100x100.jpg; sourceTree = "<group>"; };
		60CFCED1135E6D1D009160F6 /* 100_fivetenlogo.jpg */ = {isa = PBXFileReference; lastKnownFileType = image.jpeg; path = 100_fivetenlogo.jpg; sourceTree = "<group>"; };
		60CFCED2135E6D1D009160F6 /* 100_Fox_Mountain_Guides_Website.jpg */ = {isa = PBXFileReference; lastKnownFileType = image.jpeg; path = 100_Fox_Mountain_Guides_Website.jpg; sourceTree = "<group>"; };
		60CFCED3135E6D1D009160F6 /* 100_FriksnLogo08.jpg */ = {isa = PBXFileReference; lastKnownFileType = image.jpeg; path = 100_FriksnLogo08.jpg; sourceTree = "<group>"; };
		60CFCED4135E6D1D009160F6 /* 100_logo_box_web.jpg */ = {isa = PBXFileReference; lastKnownFileType = image.jpeg; path = 100_logo_box_web.jpg; sourceTree = "<group>"; };
		60CFCED5135E6D1D009160F6 /* 100_mammut.jpg */ = {isa = PBXFileReference; lastKnownFileType = image.jpeg; path = 100_mammut.jpg; sourceTree = "<group>"; };
		60CFCED6135E6D1D009160F6 /* 100_Misty-Mtn-Color.jpg */ = {isa = PBXFileReference; lastKnownFileType = image.jpeg; path = "100_Misty-Mtn-Color.jpg"; sourceTree = "<group>"; };
		60CFCED7135E6D1D009160F6 /* 100_mk_logo_web.jpg */ = {isa = PBXFileReference; lastKnownFileType = image.jpeg; path = 100_mk_logo_web.jpg; sourceTree = "<group>"; };
		60CFCED8135E6D1D009160F6 /* 100_NUTRIEX-short.jpg */ = {isa = PBXFileReference; lastKnownFileType = image.jpeg; path = "100_NUTRIEX-short.jpg"; sourceTree = "<group>"; };
		60CFCED9135E6D1D009160F6 /* 100_Osprey-Logo.jpg */ = {isa = PBXFileReference; lastKnownFileType = image.jpeg; path = "100_Osprey-Logo.jpg"; sourceTree = "<group>"; };
		60CFCEDA135E6D1D009160F6 /* 100_petzl_logo.jpg */ = {isa = PBXFileReference; lastKnownFileType = image.jpeg; path = 100_petzl_logo.jpg; sourceTree = "<group>"; };
		60CFCEDB135E6D1D009160F6 /* 100_Prana_Logo_Black.jpg */ = {isa = PBXFileReference; lastKnownFileType = image.jpeg; path = 100_Prana_Logo_Black.jpg; sourceTree = "<group>"; };
		60CFCEDC135E6D1D009160F6 /* 100_scarpa_logo.jpg */ = {isa = PBXFileReference; lastKnownFileType = image.jpeg; path = 100_scarpa_logo.jpg; sourceTree = "<group>"; };
		60CFCEDD135E6D1D009160F6 /* 100_So_iLL_Outline.jpg */ = {isa = PBXFileReference; lastKnownFileType = image.jpeg; path = 100_So_iLL_Outline.jpg; sourceTree = "<group>"; };
		60CFCEDE135E6D1D009160F6 /* 100_STERLING-logo-_Converted_.jpg */ = {isa = PBXFileReference; lastKnownFileType = image.jpeg; path = "100_STERLING-logo-_Converted_.jpg"; sourceTree = "<group>"; };
		60CFCEDF135E6D1D009160F6 /* 100_TrangoOvalLogo_2_.jpg */ = {isa = PBXFileReference; lastKnownFileType = image.jpeg; path = 100_TrangoOvalLogo_2_.jpg; sourceTree = "<group>"; };
		60CFCEE0135E6D1D009160F6 /* 100_WW_Logo-TIFF.jpg */ = {isa = PBXFileReference; lastKnownFileType = image.jpeg; path = "100_WW_Logo-TIFF.jpg"; sourceTree = "<group>"; };
		60CFCEE1135E6D1D009160F6 /* 150_DPM-logo.jpg */ = {isa = PBXFileReference; lastKnownFileType = image.jpeg; path = "150_DPM-logo.jpg"; sourceTree = "<group>"; };
		60CFCEE2135E6D1D009160F6 /* 150_Half-Mtn-Lg_1_.jpg */ = {isa = PBXFileReference; lastKnownFileType = image.jpeg; path = "150_Half-Mtn-Lg_1_.jpg"; sourceTree = "<group>"; };
		60CFCEE3135E6D1D009160F6 /* 150_Metolius-Web-Lg.jpg */ = {isa = PBXFileReference; lastKnownFileType = image.jpeg; path = "150_Metolius-Web-Lg.jpg"; sourceTree = "<group>"; };
		60CFCEE4135E6D1D009160F6 /* 150_Mtn_Hdwr.4c.jpg */ = {isa = PBXFileReference; lastKnownFileType = image.jpeg; path = 150_Mtn_Hdwr.4c.jpg; sourceTree = "<group>"; };
		60CFCEE5135E6D1E009160F6 /* 150_nom.jpg */ = {isa = PBXFileReference; lastKnownFileType = image.jpeg; path = 150_nom.jpg; sourceTree = "<group>"; };
		60CFCEE6135E6D1E009160F6 /* 150_ORlogo.jpg */ = {isa = PBXFileReference; lastKnownFileType = image.jpeg; path = 150_ORlogo.jpg; sourceTree = "<group>"; };
		60CFCEE7135E6D1E009160F6 /* 150_Patagonia-Word-Logo.jpg */ = {isa = PBXFileReference; lastKnownFileType = image.jpeg; path = "150_Patagonia-Word-Logo.jpg"; sourceTree = "<group>"; };
		60CFCF10135E716A009160F6 /* EventViewController.h */ = {isa = PBXFileReference; fileEncoding = 4; lastKnownFileType = sourcecode.c.h; path = EventViewController.h; sourceTree = "<group>"; };
		60CFCF11135E716A009160F6 /* EventViewController.m */ = {isa = PBXFileReference; fileEncoding = 4; lastKnownFileType = sourcecode.c.objc; path = EventViewController.m; sourceTree = "<group>"; };
		60CFCF12135E716A009160F6 /* EventViewController.xib */ = {isa = PBXFileReference; lastKnownFileType = file.xib; path = EventViewController.xib; sourceTree = "<group>"; };
		8D1107310486CEB800E47090 /* rendezvous-Info.plist */ = {isa = PBXFileReference; fileEncoding = 4; lastKnownFileType = text.plist.xml; path = "rendezvous-Info.plist"; plistStructureDefinitionIdentifier = "com.apple.xcode.plist.structure-definition.iphone.info-plist"; sourceTree = "<group>"; };
/* End PBXFileReference section */

/* Begin PBXFrameworksBuildPhase section */
		1D60588F0D05DD3D006BFB54 /* Frameworks */ = {
			isa = PBXFrameworksBuildPhase;
			buildActionMask = 2147483647;
			files = (
				1D60589F0D05DD5A006BFB54 /* Foundation.framework in Frameworks */,
				1DF5F4E00D08C38300B7A737 /* UIKit.framework in Frameworks */,
				288765A50DF7441C002DB57D /* CoreGraphics.framework in Frameworks */,
				28D801B40F44B63D00FB423F /* CoreData.framework in Frameworks */,
				60CFCDF4135D22EE009160F6 /* MapKit.framework in Frameworks */,
				60CFCDF6135D22F4009160F6 /* CoreLocation.framework in Frameworks */,
			);
			runOnlyForDeploymentPostprocessing = 0;
		};
/* End PBXFrameworksBuildPhase section */

/* Begin PBXGroup section */
		080E96DDFE201D6D7F000001 /* Classes */ = {
			isa = PBXGroup;
			children = (
				1D3623240D0F684500981E51 /* rendezvousAppDelegate.h */,
				1D3623250D0F684500981E51 /* rendezvousAppDelegate.m */,
				6077B6121359B5C0006C58C0 /* HomeViewController.h */,
				6077B6131359B5C0006C58C0 /* HomeViewController.m */,
				6077B6141359B5C0006C58C0 /* HomeViewController.xib */,
				6077B6311359CFF4006C58C0 /* ScheduleViewController.h */,
				6077B6321359CFF4006C58C0 /* ScheduleViewController.m */,
				6077B6331359CFF4006C58C0 /* ScheduleViewController.xib */,
				60CFCF10135E716A009160F6 /* EventViewController.h */,
				60CFCF11135E716A009160F6 /* EventViewController.m */,
				60CFCF12135E716A009160F6 /* EventViewController.xib */,
				6077B65A1359D458006C58C0 /* SupportViewController.h */,
				6077B65B1359D458006C58C0 /* SupportViewController.m */,
				6077B65C1359D458006C58C0 /* SupportViewController.xib */,
				6077B6721359D8CB006C58C0 /* SponsorViewController.h */,
				6077B6731359D8CB006C58C0 /* SponsorViewController.m */,
				6077B6741359D8CB006C58C0 /* SponsorViewController.xib */,
				6077B6E91359F19D006C58C0 /* SponsorTableCell.h */,
				6077B6EA1359F19D006C58C0 /* SponsorTableCell.m */,
				608F15CE1361D73F008E91D8 /* SponsorDetailViewController.h */,
				608F15CF1361D73F008E91D8 /* SponsorDetailViewController.m */,
				608F15D01361D73F008E91D8 /* SponsorDetailViewController.xib */,
				6077B67C1359D9A9006C58C0 /* RegistrationViewController.h */,
				6077B67D1359D9A9006C58C0 /* RegistrationViewController.m */,
				6077B67E1359D9A9006C58C0 /* RegistrationViewController.xib */,
				6077B6831359D9B3006C58C0 /* MapViewController.h */,
				6077B6841359D9B3006C58C0 /* MapViewController.m */,
				6077B6851359D9B3006C58C0 /* MapViewController.xib */,
				6077B68A1359D9BD006C58C0 /* WeatherViewController.h */,
				6077B68B1359D9BD006C58C0 /* WeatherViewController.m */,
				6077B68C1359D9BD006C58C0 /* WeatherViewController.xib */,
				60CFCE3F135D276B009160F6 /* AreaDailyCell.h */,
				60CFCE40135D276B009160F6 /* AreaDailyCell.m */,
				60CFCDA3135D2195009160F6 /* MapPoint.h */,
				60CFCDA4135D2195009160F6 /* MapPoint.m */,
				6077B7C5135B0011006C58C0 /* json */,
			);
			path = Classes;
			sourceTree = "<group>";
		};
		19C28FACFE9D520D11CA2CBB /* Products */ = {
			isa = PBXGroup;
			children = (
				1D6058910D05DD3D006BFB54 /* Rendezvous.app */,
			);
			name = Products;
			sourceTree = "<group>";
		};
		29B97314FDCFA39411CA2CEA /* CustomTemplate */ = {
			isa = PBXGroup;
			children = (
				6077B77C135A629E006C58C0 /* mountain_hardware.png */,
				6077B77D135A629E006C58C0 /* patagonia.png */,
				6077B773135A61AC006C58C0 /* dpm.png */,
				080E96DDFE201D6D7F000001 /* Classes */,
				29B97315FDCFA39411CA2CEA /* Other Sources */,
				29B97317FDCFA39411CA2CEA /* Resources */,
				29B97323FDCFA39411CA2CEA /* Frameworks */,
				19C28FACFE9D520D11CA2CBB /* Products */,
				60CFCDF3135D22EE009160F6 /* MapKit.framework */,
				60CFCDF5135D22F4009160F6 /* CoreLocation.framework */,
			);
			name = CustomTemplate;
			sourceTree = "<group>";
		};
		29B97315FDCFA39411CA2CEA /* Other Sources */ = {
			isa = PBXGroup;
			children = (
				32CA4F630368D1EE00C91783 /* rendezvous_Prefix.pch */,
				29B97316FDCFA39411CA2CEA /* main.m */,
			);
			name = "Other Sources";
			sourceTree = "<group>";
		};
		29B97317FDCFA39411CA2CEA /* Resources */ = {
			isa = PBXGroup;
			children = (
				60840D10136C5FE7002772C6 /* icon.png */,
				60840CDA136C58DB002772C6 /* vous_logo2.png */,
				60CFB4D3135BA589009160F6 /* vous_logo.png */,
				60840CBF136C522E002772C6 /* basic */,
				60CFCE54135D2842009160F6 /* wsym */,
				60840CE1136C59FB002772C6 /* map */,
				6077B75F135A5B0F006C58C0 /* sponsor */,
				60840CE0136C59BE002772C6 /* icon1 */,
				2819305F112F816700ECF9B4 /* rendezvous.xcdatamodeld */,
				28AD733E0D9D9553002E5188 /* MainWindow.xib */,
				8D1107310486CEB800E47090 /* rendezvous-Info.plist */,
			);
			name = Resources;
			sourceTree = "<group>";
		};
		29B97323FDCFA39411CA2CEA /* Frameworks */ = {
			isa = PBXGroup;
			children = (
				1DF5F4DF0D08C38300B7A737 /* UIKit.framework */,
				1D30AB110D05D00D00671497 /* Foundation.framework */,
				288765A40DF7441C002DB57D /* CoreGraphics.framework */,
				28D801B30F44B63D00FB423F /* CoreData.framework */,
			);
			name = Frameworks;
			sourceTree = "<group>";
		};
		6077B75F135A5B0F006C58C0 /* sponsor */ = {
			isa = PBXGroup;
			children = (
				6077B759135A5B03006C58C0 /* dpm.jpg */,
				6077B75A135A5B03006C58C0 /* mountain_hardware.gif */,
				6077B75B135A5B03006C58C0 /* patagonia.jpg */,
				60CFCECD135E6D1D009160F6 /* 100_BlackDiamond.jpg */,
				60CFCECE135E6D1D009160F6 /* 100_chaco_logo.jpg */,
				60CFCECF135E6D1D009160F6 /* 100_darn-tough-logo.jpg */,
				60CFCED0135E6D1D009160F6 /* 100_evolv100x100.jpg */,
				60CFCED1135E6D1D009160F6 /* 100_fivetenlogo.jpg */,
				60CFCED2135E6D1D009160F6 /* 100_Fox_Mountain_Guides_Website.jpg */,
				60CFCED3135E6D1D009160F6 /* 100_FriksnLogo08.jpg */,
				60CFCED4135E6D1D009160F6 /* 100_logo_box_web.jpg */,
				60CFCED5135E6D1D009160F6 /* 100_mammut.jpg */,
				60CFCED6135E6D1D009160F6 /* 100_Misty-Mtn-Color.jpg */,
				60CFCED7135E6D1D009160F6 /* 100_mk_logo_web.jpg */,
				60CFCED8135E6D1D009160F6 /* 100_NUTRIEX-short.jpg */,
				60CFCED9135E6D1D009160F6 /* 100_Osprey-Logo.jpg */,
				60CFCEDA135E6D1D009160F6 /* 100_petzl_logo.jpg */,
				60CFCEDB135E6D1D009160F6 /* 100_Prana_Logo_Black.jpg */,
				60CFCEDC135E6D1D009160F6 /* 100_scarpa_logo.jpg */,
				60CFCEDD135E6D1D009160F6 /* 100_So_iLL_Outline.jpg */,
				60CFCEDE135E6D1D009160F6 /* 100_STERLING-logo-_Converted_.jpg */,
				60CFCEDF135E6D1D009160F6 /* 100_TrangoOvalLogo_2_.jpg */,
				60CFCEE0135E6D1D009160F6 /* 100_WW_Logo-TIFF.jpg */,
				60CFCEE1135E6D1D009160F6 /* 150_DPM-logo.jpg */,
				60CFCEE2135E6D1D009160F6 /* 150_Half-Mtn-Lg_1_.jpg */,
				60CFCEE3135E6D1D009160F6 /* 150_Metolius-Web-Lg.jpg */,
				60CFCEE4135E6D1D009160F6 /* 150_Mtn_Hdwr.4c.jpg */,
				60CFCEE5135E6D1E009160F6 /* 150_nom.jpg */,
				60CFCEE6135E6D1E009160F6 /* 150_ORlogo.jpg */,
				60CFCEE7135E6D1E009160F6 /* 150_Patagonia-Word-Logo.jpg */,
			);
			name = sponsor;
			sourceTree = "<group>";
		};
		6077B7C5135B0011006C58C0 /* json */ = {
			isa = PBXGroup;
			children = (
				6077B7B5135B000C006C58C0 /* JSON.h */,
				6077B7B6135B000C006C58C0 /* NSObject+SBJSON.h */,
				6077B7B7135B000C006C58C0 /* NSObject+SBJSON.m */,
				6077B7B8135B000C006C58C0 /* NSString+SBJSON.h */,
				6077B7B9135B000C006C58C0 /* NSString+SBJSON.m */,
				6077B7BA135B000C006C58C0 /* SBJsonBase.h */,
				6077B7BB135B000C006C58C0 /* SBJsonBase.m */,
				6077B7BC135B000C006C58C0 /* SBJsonParser.h */,
				6077B7BD135B000C006C58C0 /* SBJsonParser.m */,
				6077B7BE135B000C006C58C0 /* SBJsonWriter.h */,
				6077B7BF135B000C006C58C0 /* SBJsonWriter.m */,
			);
			name = json;
			sourceTree = "<group>";
		};
		60840CBF136C522E002772C6 /* basic */ = {
			isa = PBXGroup;
			children = (
				60840CD2136C54D8002772C6 /* sun 2.png */,
				60840CD4136C54E5002772C6 /* users.png */,
				60840CD0136C54AE002772C6 /* star.png */,
				60840CCC136C53FE002772C6 /* help_32.png */,
				60840CCA136C53B9002772C6 /* user_32.png */,
				60840CC8136C5315002772C6 /* pencil_32.png */,
				60840CC6136C5299002772C6 /* globe_32.png */,
				60840CBD136C5229002772C6 /* calendar_32.png */,
			);
			name = basic;
			sourceTree = "<group>";
		};
		60840CE0136C59BE002772C6 /* icon1 */ = {
			isa = PBXGroup;
			children = (
				6077B61F1359B745006C58C0 /* 112-group.png */,
				6077B6291359C312006C58C0 /* 108-badge.png */,
				6077B6271359BB9B006C58C0 /* 189-plant.png */,
				6077B6231359B7C9006C58C0 /* 103-map.png */,
				6077B6251359B7DB006C58C0 /* 171-sun.png */,
				6077B6211359B78C006C58C0 /* 134-viking.png */,
				6077B61D1359B70A006C58C0 /* 83-calendar.png */,
			);
			name = icon1;
			sourceTree = "<group>";
		};
		60840CE1136C59FB002772C6 /* map */ = {
			isa = PBXGroup;
			children = (
				60CFCE0D135D2530009160F6 /* court.png */,
				60CFCE0B135D2518009160F6 /* climbing.png */,
			);
			name = map;
			sourceTree = "<group>";
		};
		60CFCE54135D2842009160F6 /* wsym */ = {
			isa = PBXGroup;
			children = (
				60CFCE5D135D2898009160F6 /* cloudy1_night.png */,
				60CFCE5E135D2898009160F6 /* cloudy1.png */,
				60CFCE5F135D2898009160F6 /* cloudy2_night.png */,
				60CFCE60135D2898009160F6 /* cloudy2.png */,
				60CFCE61135D2898009160F6 /* cloudy3_night.png */,
				60CFCE62135D2898009160F6 /* cloudy3.png */,
				60CFCE63135D2898009160F6 /* cloudy4_night.png */,
				60CFCE64135D2898009160F6 /* cloudy4.png */,
				60CFCE65135D2898009160F6 /* cloudy5.png */,
				60CFCE66135D2898009160F6 /* dunno.png */,
				60CFCE67135D2898009160F6 /* fog_night.png */,
				60CFCE68135D2898009160F6 /* fog.png */,
				60CFCE69135D2898009160F6 /* hail.png */,
				60CFCE6A135D2898009160F6 /* light_rain.png */,
				60CFCE6B135D2898009160F6 /* mist_night.png */,
				60CFCE6C135D2898009160F6 /* mist.png */,
				60CFCE6D135D2898009160F6 /* overcast.png */,
				60CFCE6E135D2898009160F6 /* shower1_night.png */,
				60CFCE6F135D2898009160F6 /* shower1.png */,
				60CFCE70135D2898009160F6 /* shower2_night.png */,
				60CFCE71135D2898009160F6 /* shower2.png */,
				60CFCE72135D2898009160F6 /* shower3.png */,
				60CFCE73135D2898009160F6 /* sleet.png */,
				60CFCE74135D2898009160F6 /* snow1_night.png */,
				60CFCE75135D2898009160F6 /* snow1.png */,
				60CFCE76135D2898009160F6 /* snow2_night.png */,
				60CFCE77135D2898009160F6 /* snow2.png */,
				60CFCE78135D2898009160F6 /* snow3_night.png */,
				60CFCE79135D2898009160F6 /* snow3.png */,
				60CFCE7A135D2898009160F6 /* snow4.png */,
				60CFCE7B135D2898009160F6 /* snow5.png */,
				60CFCE7C135D2898009160F6 /* sunny_night.png */,
				60CFCE7D135D2898009160F6 /* sunny.png */,
				60CFCE7E135D2898009160F6 /* tstorm1_night.png */,
				60CFCE7F135D2898009160F6 /* tstorm1.png */,
				60CFCE80135D2898009160F6 /* tstorm2_night.png */,
				60CFCE81135D2898009160F6 /* tstorm2.png */,
				60CFCE82135D2898009160F6 /* tstorm3.png */,
			);
			name = wsym;
			sourceTree = "<group>";
		};
/* End PBXGroup section */

/* Begin PBXNativeTarget section */
		1D6058900D05DD3D006BFB54 /* rendezvous */ = {
			isa = PBXNativeTarget;
			buildConfigurationList = 1D6058960D05DD3E006BFB54 /* Build configuration list for PBXNativeTarget "rendezvous" */;
			buildPhases = (
				1D60588D0D05DD3D006BFB54 /* Resources */,
				1D60588E0D05DD3D006BFB54 /* Sources */,
				1D60588F0D05DD3D006BFB54 /* Frameworks */,
			);
			buildRules = (
			);
			dependencies = (
			);
			name = rendezvous;
			productName = rendezvous;
			productReference = 1D6058910D05DD3D006BFB54 /* Rendezvous.app */;
			productType = "com.apple.product-type.application";
		};
/* End PBXNativeTarget section */

/* Begin PBXProject section */
		29B97313FDCFA39411CA2CEA /* Project object */ = {
			isa = PBXProject;
			buildConfigurationList = C01FCF4E08A954540054247B /* Build configuration list for PBXProject "rendezvous" */;
			compatibilityVersion = "Xcode 3.2";
			developmentRegion = English;
			hasScannedForEncodings = 1;
			knownRegions = (
				English,
				Japanese,
				French,
				German,
			);
			mainGroup = 29B97314FDCFA39411CA2CEA /* CustomTemplate */;
			projectDirPath = "";
			projectRoot = "";
			targets = (
				1D6058900D05DD3D006BFB54 /* rendezvous */,
			);
		};
/* End PBXProject section */

/* Begin PBXResourcesBuildPhase section */
		1D60588D0D05DD3D006BFB54 /* Resources */ = {
			isa = PBXResourcesBuildPhase;
			buildActionMask = 2147483647;
			files = (
				28AD733F0D9D9553002E5188 /* MainWindow.xib in Resources */,
				6077B6161359B5C0006C58C0 /* HomeViewController.xib in Resources */,
				6077B61E1359B70A006C58C0 /* 83-calendar.png in Resources */,
				6077B6201359B745006C58C0 /* 112-group.png in Resources */,
				6077B6221359B78C006C58C0 /* 134-viking.png in Resources */,
				6077B6241359B7C9006C58C0 /* 103-map.png in Resources */,
				6077B6261359B7DB006C58C0 /* 171-sun.png in Resources */,
				6077B6281359BB9B006C58C0 /* 189-plant.png in Resources */,
				6077B62A1359C312006C58C0 /* 108-badge.png in Resources */,
				6077B6351359CFF4006C58C0 /* ScheduleViewController.xib in Resources */,
				6077B65E1359D458006C58C0 /* SupportViewController.xib in Resources */,
				6077B6761359D8CB006C58C0 /* SponsorViewController.xib in Resources */,
				6077B6801359D9A9006C58C0 /* RegistrationViewController.xib in Resources */,
				6077B6871359D9B3006C58C0 /* MapViewController.xib in Resources */,
				6077B68E1359D9BD006C58C0 /* WeatherViewController.xib in Resources */,
				6077B75C135A5B03006C58C0 /* dpm.jpg in Resources */,
				6077B75D135A5B03006C58C0 /* mountain_hardware.gif in Resources */,
				6077B75E135A5B03006C58C0 /* patagonia.jpg in Resources */,
				6077B774135A61AC006C58C0 /* dpm.png in Resources */,
				6077B77E135A629E006C58C0 /* mountain_hardware.png in Resources */,
				6077B77F135A629E006C58C0 /* patagonia.png in Resources */,
				60CFB4D4135BA589009160F6 /* vous_logo.png in Resources */,
				60CFCE0C135D2518009160F6 /* climbing.png in Resources */,
				60CFCE0E135D2530009160F6 /* court.png in Resources */,
				60CFCE83135D2898009160F6 /* cloudy1_night.png in Resources */,
				60CFCE84135D2898009160F6 /* cloudy1.png in Resources */,
				60CFCE85135D2898009160F6 /* cloudy2_night.png in Resources */,
				60CFCE86135D2898009160F6 /* cloudy2.png in Resources */,
				60CFCE87135D2898009160F6 /* cloudy3_night.png in Resources */,
				60CFCE88135D2898009160F6 /* cloudy3.png in Resources */,
				60CFCE89135D2898009160F6 /* cloudy4_night.png in Resources */,
				60CFCE8A135D2898009160F6 /* cloudy4.png in Resources */,
				60CFCE8B135D2898009160F6 /* cloudy5.png in Resources */,
				60CFCE8C135D2898009160F6 /* dunno.png in Resources */,
				60CFCE8D135D2898009160F6 /* fog_night.png in Resources */,
				60CFCE8E135D2898009160F6 /* fog.png in Resources */,
				60CFCE8F135D2898009160F6 /* hail.png in Resources */,
				60CFCE90135D2898009160F6 /* light_rain.png in Resources */,
				60CFCE91135D2898009160F6 /* mist_night.png in Resources */,
				60CFCE92135D2898009160F6 /* mist.png in Resources */,
				60CFCE93135D2898009160F6 /* overcast.png in Resources */,
				60CFCE94135D2898009160F6 /* shower1_night.png in Resources */,
				60CFCE95135D2898009160F6 /* shower1.png in Resources */,
				60CFCE96135D2898009160F6 /* shower2_night.png in Resources */,
				60CFCE97135D2898009160F6 /* shower2.png in Resources */,
				60CFCE98135D2898009160F6 /* shower3.png in Resources */,
				60CFCE99135D2898009160F6 /* sleet.png in Resources */,
				60CFCE9A135D2898009160F6 /* snow1_night.png in Resources */,
				60CFCE9B135D2898009160F6 /* snow1.png in Resources */,
				60CFCE9C135D2898009160F6 /* snow2_night.png in Resources */,
				60CFCE9D135D2898009160F6 /* snow2.png in Resources */,
				60CFCE9E135D2898009160F6 /* snow3_night.png in Resources */,
				60CFCE9F135D2898009160F6 /* snow3.png in Resources */,
				60CFCEA0135D2898009160F6 /* snow4.png in Resources */,
				60CFCEA1135D2898009160F6 /* snow5.png in Resources */,
				60CFCEA2135D2898009160F6 /* sunny_night.png in Resources */,
				60CFCEA3135D2898009160F6 /* sunny.png in Resources */,
				60CFCEA4135D2898009160F6 /* tstorm1_night.png in Resources */,
				60CFCEA5135D2898009160F6 /* tstorm1.png in Resources */,
				60CFCEA6135D2898009160F6 /* tstorm2_night.png in Resources */,
				60CFCEA7135D2898009160F6 /* tstorm2.png in Resources */,
				60CFCEA8135D2898009160F6 /* tstorm3.png in Resources */,
				60CFCEE8135E6D1E009160F6 /* 100_BlackDiamond.jpg in Resources */,
				60CFCEE9135E6D1E009160F6 /* 100_chaco_logo.jpg in Resources */,
				60CFCEEA135E6D1E009160F6 /* 100_darn-tough-logo.jpg in Resources */,
				60CFCEEB135E6D1E009160F6 /* 100_evolv100x100.jpg in Resources */,
				60CFCEEC135E6D1E009160F6 /* 100_fivetenlogo.jpg in Resources */,
				60CFCEED135E6D1E009160F6 /* 100_Fox_Mountain_Guides_Website.jpg in Resources */,
				60CFCEEE135E6D1E009160F6 /* 100_FriksnLogo08.jpg in Resources */,
				60CFCEEF135E6D1E009160F6 /* 100_logo_box_web.jpg in Resources */,
				60CFCEF0135E6D1E009160F6 /* 100_mammut.jpg in Resources */,
				60CFCEF1135E6D1E009160F6 /* 100_Misty-Mtn-Color.jpg in Resources */,
				60CFCEF2135E6D1E009160F6 /* 100_mk_logo_web.jpg in Resources */,
				60CFCEF3135E6D1E009160F6 /* 100_NUTRIEX-short.jpg in Resources */,
				60CFCEF4135E6D1E009160F6 /* 100_Osprey-Logo.jpg in Resources */,
				60CFCEF5135E6D1E009160F6 /* 100_petzl_logo.jpg in Resources */,
				60CFCEF6135E6D1E009160F6 /* 100_Prana_Logo_Black.jpg in Resources */,
				60CFCEF7135E6D1E009160F6 /* 100_scarpa_logo.jpg in Resources */,
				60CFCEF8135E6D1E009160F6 /* 100_So_iLL_Outline.jpg in Resources */,
				60CFCEF9135E6D1E009160F6 /* 100_STERLING-logo-_Converted_.jpg in Resources */,
				60CFCEFA135E6D1E009160F6 /* 100_TrangoOvalLogo_2_.jpg in Resources */,
				60CFCEFB135E6D1E009160F6 /* 100_WW_Logo-TIFF.jpg in Resources */,
				60CFCEFC135E6D1E009160F6 /* 150_DPM-logo.jpg in Resources */,
				60CFCEFD135E6D1E009160F6 /* 150_Half-Mtn-Lg_1_.jpg in Resources */,
				60CFCEFE135E6D1E009160F6 /* 150_Metolius-Web-Lg.jpg in Resources */,
				60CFCEFF135E6D1E009160F6 /* 150_Mtn_Hdwr.4c.jpg in Resources */,
				60CFCF00135E6D1E009160F6 /* 150_nom.jpg in Resources */,
				60CFCF01135E6D1E009160F6 /* 150_ORlogo.jpg in Resources */,
				60CFCF02135E6D1E009160F6 /* 150_Patagonia-Word-Logo.jpg in Resources */,
				60CFCF14135E716A009160F6 /* EventViewController.xib in Resources */,
				608F15D21361D73F008E91D8 /* SponsorDetailViewController.xib in Resources */,
				60840CBE136C5229002772C6 /* calendar_32.png in Resources */,
				60840CC7136C5299002772C6 /* globe_32.png in Resources */,
				60840CC9136C5315002772C6 /* pencil_32.png in Resources */,
				60840CCB136C53B9002772C6 /* user_32.png in Resources */,
				60840CCD136C53FE002772C6 /* help_32.png in Resources */,
				60840CD1136C54AE002772C6 /* star.png in Resources */,
				60840CD3136C54D8002772C6 /* sun 2.png in Resources */,
				60840CD5136C54E5002772C6 /* users.png in Resources */,
				60840CDB136C58DB002772C6 /* vous_logo2.png in Resources */,
				60840D11136C5FE7002772C6 /* icon.png in Resources */,
			);
			runOnlyForDeploymentPostprocessing = 0;
		};
/* End PBXResourcesBuildPhase section */

/* Begin PBXSourcesBuildPhase section */
		1D60588E0D05DD3D006BFB54 /* Sources */ = {
			isa = PBXSourcesBuildPhase;
			buildActionMask = 2147483647;
			files = (
				1D60589B0D05DD56006BFB54 /* main.m in Sources */,
				1D3623260D0F684500981E51 /* rendezvousAppDelegate.m in Sources */,
				28193060112F816700ECF9B4 /* rendezvous.xcdatamodeld in Sources */,
				6077B6151359B5C0006C58C0 /* HomeViewController.m in Sources */,
				6077B6341359CFF4006C58C0 /* ScheduleViewController.m in Sources */,
				6077B65D1359D458006C58C0 /* SupportViewController.m in Sources */,
				6077B6751359D8CB006C58C0 /* SponsorViewController.m in Sources */,
				6077B67F1359D9A9006C58C0 /* RegistrationViewController.m in Sources */,
				6077B6861359D9B3006C58C0 /* MapViewController.m in Sources */,
				6077B68D1359D9BD006C58C0 /* WeatherViewController.m in Sources */,
				6077B6EB1359F19D006C58C0 /* SponsorTableCell.m in Sources */,
				6077B7C0135B000C006C58C0 /* NSObject+SBJSON.m in Sources */,
				6077B7C1135B000C006C58C0 /* NSString+SBJSON.m in Sources */,
				6077B7C2135B000C006C58C0 /* SBJsonBase.m in Sources */,
				6077B7C3135B000C006C58C0 /* SBJsonParser.m in Sources */,
				6077B7C4135B000C006C58C0 /* SBJsonWriter.m in Sources */,
				60CFCDA5135D2195009160F6 /* MapPoint.m in Sources */,
				60CFCE41135D276B009160F6 /* AreaDailyCell.m in Sources */,
				60CFCF13135E716A009160F6 /* EventViewController.m in Sources */,
				608F15D11361D73F008E91D8 /* SponsorDetailViewController.m in Sources */,
			);
			runOnlyForDeploymentPostprocessing = 0;
		};
/* End PBXSourcesBuildPhase section */

/* Begin XCBuildConfiguration section */
		1D6058940D05DD3E006BFB54 /* Debug */ = {
			isa = XCBuildConfiguration;
			buildSettings = {
				ALWAYS_SEARCH_USER_PATHS = NO;
				COPY_PHASE_STRIP = NO;
				GCC_DYNAMIC_NO_PIC = NO;
				GCC_OPTIMIZATION_LEVEL = 0;
				GCC_PRECOMPILE_PREFIX_HEADER = YES;
				GCC_PREFIX_HEADER = rendezvous_Prefix.pch;
				INFOPLIST_FILE = "rendezvous-Info.plist";
				PRODUCT_NAME = Rendezvous;
			};
			name = Debug;
		};
		1D6058950D05DD3E006BFB54 /* Release */ = {
			isa = XCBuildConfiguration;
			buildSettings = {
				ALWAYS_SEARCH_USER_PATHS = NO;
				COPY_PHASE_STRIP = YES;
				GCC_PRECOMPILE_PREFIX_HEADER = YES;
				GCC_PREFIX_HEADER = rendezvous_Prefix.pch;
				INFOPLIST_FILE = "rendezvous-Info.plist";
				IPHONEOS_DEPLOYMENT_TARGET = 4.1;
				PRODUCT_NAME = rendezvous;
				VALIDATE_PRODUCT = YES;
			};
			name = Release;
		};
		C01FCF4F08A954540054247B /* Debug */ = {
			isa = XCBuildConfiguration;
			buildSettings = {
				ARCHS = "$(ARCHS_STANDARD_32_BIT)";
				"CODE_SIGN_IDENTITY[sdk=iphoneos*]" = "iPhone Developer";
				GCC_C_LANGUAGE_STANDARD = c99;
				GCC_WARN_ABOUT_RETURN_TYPE = YES;
				GCC_WARN_UNUSED_VARIABLE = YES;
				IPHONEOS_DEPLOYMENT_TARGET = 3.0;
				PREBINDING = NO;
				SDKROOT = iphoneos;
			};
			name = Debug;
		};
		C01FCF5008A954540054247B /* Release */ = {
			isa = XCBuildConfiguration;
			buildSettings = {
				ARCHS = "$(ARCHS_STANDARD_32_BIT)";
				"CODE_SIGN_IDENTITY[sdk=iphoneos*]" = "iPhone Developer";
				GCC_C_LANGUAGE_STANDARD = c99;
				GCC_WARN_ABOUT_RETURN_TYPE = YES;
				GCC_WARN_UNUSED_VARIABLE = YES;
				IPHONEOS_DEPLOYMENT_TARGET = 4.1;
				OTHER_CFLAGS = "-DNS_BLOCK_ASSERTIONS=1";
				PREBINDING = NO;
				SDKROOT = iphoneos;
			};
			name = Release;
		};
/* End XCBuildConfiguration section */

/* Begin XCConfigurationList section */
		1D6058960D05DD3E006BFB54 /* Build configuration list for PBXNativeTarget "rendezvous" */ = {
			isa = XCConfigurationList;
			buildConfigurations = (
				1D6058940D05DD3E006BFB54 /* Debug */,
				1D6058950D05DD3E006BFB54 /* Release */,
			);
			defaultConfigurationIsVisible = 0;
			defaultConfigurationName = Release;
		};
		C01FCF4E08A954540054247B /* Build configuration list for PBXProject "rendezvous" */ = {
			isa = XCConfigurationList;
			buildConfigurations = (
				C01FCF4F08A954540054247B /* Debug */,
				C01FCF5008A954540054247B /* Release */,
			);
			defaultConfigurationIsVisible = 0;
			defaultConfigurationName = Release;
		};
/* End XCConfigurationList section */

/* Begin XCVersionGroup section */
		2819305F112F816700ECF9B4 /* rendezvous.xcdatamodeld */ = {
			isa = XCVersionGroup;
			children = (
				28C3AD890F43EF2300507BA6 /* rendezvous.xcdatamodel */,
			);
			currentVersion = 28C3AD890F43EF2300507BA6 /* rendezvous.xcdatamodel */;
			path = rendezvous.xcdatamodeld;
			sourceTree = "<group>";
			versionGroupType = wrapper.xcdatamodel;
		};
/* End XCVersionGroup section */
	};
	rootObject = 29B97313FDCFA39411CA2CEA /* Project object */;
}
